
Microsoft Visual Studio Solution File, Format Version 12.00
# Visual Studio Version 17
VisualStudioVersion = 17.5.002.0
MinimumVisualStudioVersion = 10.0.40219.1
Project("{2150E333-8FDC-42A3-9474-1A3956D46DE8}") = "src", "src", "{61828554-645B-46DB-92C2-96E89E4284DF}"
EndProject
Project("{9A19103F-16F7-4668-BE54-9A1E7A4F7556}") = "GradeBook", "src\GradeBook\GradeBook.csproj", "{6DBBB709-E541-450F-8291-A472DF1A3C54}"
EndProject
Global
	GlobalSection(SolutionConfigurationPlatforms) = preSolution
		Debug|Any CPU = Debug|Any CPU
		Release|Any CPU = Release|Any CPU
	EndGlobalSection
	GlobalSection(ProjectConfigurationPlatforms) = postSolution
		{6DBBB709-E541-450F-8291-A472DF1A3C54}.Debug|Any CPU.ActiveCfg = Debug|Any CPU
		{6DBBB709-E541-450F-8291-A472DF1A3C54}.Debug|Any CPU.Build.0 = Debug|Any CPU
		{6DBBB709-E541-450F-8291-A472DF1A3C54}.Release|Any CPU.ActiveCfg = Release|Any CPU
		{6DBBB709-E541-450F-8291-A472DF1A3C54}.Release|Any CPU.Build.0 = Release|Any CPU
	EndGlobalSection
	GlobalSection(SolutionProperties) = preSolution
		HideSolutionNode = FALSE
	EndGlobalSection
	GlobalSection(NestedProjects) = preSolution
		{6DBBB709-E541-450F-8291-A472DF1A3C54} = {61828554-645B-46DB-92C2-96E89E4284DF}
	EndGlobalSection
	GlobalSection(ExtensibilityGlobals) = postSolution
		SolutionGuid = {36B0D119-5BA4-4963-886C-AF2C7A0C1EC0}
	EndGlobalSection
EndGlobal
