
Microsoft Visual Studio Solution File, Format Version 12.00
# Visual Studio Version 17
VisualStudioVersion = 17.11.35312.102
MinimumVisualStudioVersion = 10.0.40219.1
Project("{9A19103F-16F7-4668-BE54-9A1E7A4F7556}") = "DeskBooker.Core.Tests", "DeskBooker.Core.Tests.csproj", "{079CC827-10CA-4181-9E13-0D0AF3E180CE}"
EndProject
Project("{FAE04EC0-301F-11D3-BF4B-00C04F79EFBC}") = "DeskBooker.Core", "..\DeskBooker.Core\DeskBooker.Core.csproj", "{88B3399C-E53D-4E44-A8AD-25305D5FB2A5}"
EndProject
Project("{FAE04EC0-301F-11D3-BF4B-00C04F79EFBC}") = "DeskBooker.DataAccess", "..\DeskBooker.DataAccess\DeskBooker.DataAccess.csproj", "{69A3F55A-1CB2-456B-BB73-07CEC0BC2239}"
EndProject
Global
	GlobalSection(SolutionConfigurationPlatforms) = preSolution
		Debug|Any CPU = Debug|Any CPU
		Release|Any CPU = Release|Any CPU
	EndGlobalSection
	GlobalSection(ProjectConfigurationPlatforms) = postSolution
		{079CC827-10CA-4181-9E13-0D0AF3E180CE}.Debug|Any CPU.ActiveCfg = Debug|Any CPU
		{079CC827-10CA-4181-9E13-0D0AF3E180CE}.Debug|Any CPU.Build.0 = Debug|Any CPU
		{079CC827-10CA-4181-9E13-0D0AF3E180CE}.Release|Any CPU.ActiveCfg = Release|Any CPU
		{079CC827-10CA-4181-9E13-0D0AF3E180CE}.Release|Any CPU.Build.0 = Release|Any CPU
		{88B3399C-E53D-4E44-A8AD-25305D5FB2A5}.Debug|Any CPU.ActiveCfg = Debug|Any CPU
		{88B3399C-E53D-4E44-A8AD-25305D5FB2A5}.Debug|Any CPU.Build.0 = Debug|Any CPU
		{88B3399C-E53D-4E44-A8AD-25305D5FB2A5}.Release|Any CPU.ActiveCfg = Release|Any CPU
		{88B3399C-E53D-4E44-A8AD-25305D5FB2A5}.Release|Any CPU.Build.0 = Release|Any CPU
		{69A3F55A-1CB2-456B-BB73-07CEC0BC2239}.Debug|Any CPU.ActiveCfg = Debug|Any CPU
		{69A3F55A-1CB2-456B-BB73-07CEC0BC2239}.Debug|Any CPU.Build.0 = Debug|Any CPU
		{69A3F55A-1CB2-456B-BB73-07CEC0BC2239}.Release|Any CPU.ActiveCfg = Release|Any CPU
		{69A3F55A-1CB2-456B-BB73-07CEC0BC2239}.Release|Any CPU.Build.0 = Release|Any CPU
	EndGlobalSection
	GlobalSection(SolutionProperties) = preSolution
		HideSolutionNode = FALSE
	EndGlobalSection
	GlobalSection(ExtensibilityGlobals) = postSolution
		SolutionGuid = {ECCEDB5F-358A-402B-B522-13EA7A8C8544}
	EndGlobalSection
EndGlobal
