
Microsoft Visual Studio Solution File, Format Version 12.00
# Visual Studio Version 17
VisualStudioVersion = 17.11.35312.102
MinimumVisualStudioVersion = 10.0.40219.1
Project("{FAE04EC0-301F-11D3-BF4B-00C04F79EFBC}") = "MinimalAADAuth", "MinimalAADAuth.csproj", "{4F42BB28-087D-426C-847B-E35DE8F0BE71}"
EndProject
Global
	GlobalSection(SolutionConfigurationPlatforms) = preSolution
		Debug|Any CPU = Debug|Any CPU
		Release|Any CPU = Release|Any CPU
	EndGlobalSection
	GlobalSection(ProjectConfigurationPlatforms) = postSolution
		{4F42BB28-087D-426C-847B-E35DE8F0BE71}.Debug|Any CPU.ActiveCfg = Debug|Any CPU
		{4F42BB28-087D-426C-847B-E35DE8F0BE71}.Debug|Any CPU.Build.0 = Debug|Any CPU
		{4F42BB28-087D-426C-847B-E35DE8F0BE71}.Release|Any CPU.ActiveCfg = Release|Any CPU
		{4F42BB28-087D-426C-847B-E35DE8F0BE71}.Release|Any CPU.Build.0 = Release|Any CPU
	EndGlobalSection
	GlobalSection(SolutionProperties) = preSolution
		HideSolutionNode = FALSE
	EndGlobalSection
	GlobalSection(ExtensibilityGlobals) = postSolution
		SolutionGuid = {5EF29E36-11BF-4BA8-9B7D-152C24A4983C}
	EndGlobalSection
EndGlobal
