
Microsoft Visual Studio Solution File, Format Version 12.00
# Visual Studio Version 17
VisualStudioVersion = 17.11.35312.102
MinimumVisualStudioVersion = 10.0.40219.1
Project("{FAE04EC0-301F-11D3-BF4B-00C04F79EFBC}") = "CollectionApp", "CollectionApp.csproj", "{8F0EF258-863E-4699-BA28-A7BF2FDA396E}"
EndProject
Global
	GlobalSection(SolutionConfigurationPlatforms) = preSolution
		Debug|Any CPU = Debug|Any CPU
		Release|Any CPU = Release|Any CPU
	EndGlobalSection
	GlobalSection(ProjectConfigurationPlatforms) = postSolution
		{8F0EF258-863E-4699-BA28-A7BF2FDA396E}.Debug|Any CPU.ActiveCfg = Debug|Any CPU
		{8F0EF258-863E-4699-BA28-A7BF2FDA396E}.Debug|Any CPU.Build.0 = Debug|Any CPU
		{8F0EF258-863E-4699-BA28-A7BF2FDA396E}.Release|Any CPU.ActiveCfg = Release|Any CPU
		{8F0EF258-863E-4699-BA28-A7BF2FDA396E}.Release|Any CPU.Build.0 = Release|Any CPU
	EndGlobalSection
	GlobalSection(SolutionProperties) = preSolution
		HideSolutionNode = FALSE
	EndGlobalSection
	GlobalSection(ExtensibilityGlobals) = postSolution
		SolutionGuid = {CB39755E-8C8B-4A25-A810-075DAB525D18}
	EndGlobalSection
EndGlobal
