
Microsoft Visual Studio Solution File, Format Version 12.00
# Visual Studio Version 17
VisualStudioVersion = 17.11.35327.3
MinimumVisualStudioVersion = 10.0.40219.1
Project("{FAE04EC0-301F-11D3-BF4B-00C04F79EFBC}") = "PublisherConsole", "PublisherConsole.csproj", "{3FD61898-7270-4B94-ABA7-180D0A96F645}"
EndProject
Project("{FAE04EC0-301F-11D3-BF4B-00C04F79EFBC}") = "PublisherDomain", "..\PublisherDomain\PublisherDomain.csproj", "{4503B42D-DE48-4FF9-A583-F1B9667EC55F}"
EndProject
Project("{FAE04EC0-301F-11D3-BF4B-00C04F79EFBC}") = "PublisherData", "..\PublisherData\PublisherData.csproj", "{FE0C840D-4692-4107-AC67-8F410A3C4B8F}"
EndProject
Global
	GlobalSection(SolutionConfigurationPlatforms) = preSolution
		Debug|Any CPU = Debug|Any CPU
		Release|Any CPU = Release|Any CPU
	EndGlobalSection
	GlobalSection(ProjectConfigurationPlatforms) = postSolution
		{3FD61898-7270-4B94-ABA7-180D0A96F645}.Debug|Any CPU.ActiveCfg = Debug|Any CPU
		{3FD61898-7270-4B94-ABA7-180D0A96F645}.Debug|Any CPU.Build.0 = Debug|Any CPU
		{3FD61898-7270-4B94-ABA7-180D0A96F645}.Release|Any CPU.ActiveCfg = Release|Any CPU
		{3FD61898-7270-4B94-ABA7-180D0A96F645}.Release|Any CPU.Build.0 = Release|Any CPU
		{4503B42D-DE48-4FF9-A583-F1B9667EC55F}.Debug|Any CPU.ActiveCfg = Debug|Any CPU
		{4503B42D-DE48-4FF9-A583-F1B9667EC55F}.Debug|Any CPU.Build.0 = Debug|Any CPU
		{4503B42D-DE48-4FF9-A583-F1B9667EC55F}.Release|Any CPU.ActiveCfg = Release|Any CPU
		{4503B42D-DE48-4FF9-A583-F1B9667EC55F}.Release|Any CPU.Build.0 = Release|Any CPU
		{FE0C840D-4692-4107-AC67-8F410A3C4B8F}.Debug|Any CPU.ActiveCfg = Debug|Any CPU
		{FE0C840D-4692-4107-AC67-8F410A3C4B8F}.Debug|Any CPU.Build.0 = Debug|Any CPU
		{FE0C840D-4692-4107-AC67-8F410A3C4B8F}.Release|Any CPU.ActiveCfg = Release|Any CPU
		{FE0C840D-4692-4107-AC67-8F410A3C4B8F}.Release|Any CPU.Build.0 = Release|Any CPU
	EndGlobalSection
	GlobalSection(SolutionProperties) = preSolution
		HideSolutionNode = FALSE
	EndGlobalSection
	GlobalSection(ExtensibilityGlobals) = postSolution
		SolutionGuid = {C1F0AC81-4D45-4B37-A642-43C2761A5198}
	EndGlobalSection
EndGlobal
