
Microsoft Visual Studio Solution File, Format Version 12.00
# Visual Studio Version 17
VisualStudioVersion = 17.11.35312.102
MinimumVisualStudioVersion = 10.0.40219.1
Project("{FAE04EC0-301F-11D3-BF4B-00C04F79EFBC}") = "PresentationLayer", "PresentationLayer.csproj", "{8D61D902-DFE1-4831-818E-67FA3E745E88}"
EndProject
Project("{FAE04EC0-301F-11D3-BF4B-00C04F79EFBC}") = "DataAccessLayer", "..\DataAccessLayer\DataAccessLayer.csproj", "{B0F04671-0FA6-478E-AA2C-6B6068610033}"
EndProject
Project("{FAE04EC0-301F-11D3-BF4B-00C04F79EFBC}") = "BusinessLogicLayer", "..\BusinessLogicLayer\BusinessLogicLayer.csproj", "{826CAFF6-24CC-4DFA-AB51-C2D7C6769DAA}"
EndProject
Global
	GlobalSection(SolutionConfigurationPlatforms) = preSolution
		Debug|Any CPU = Debug|Any CPU
		Release|Any CPU = Release|Any CPU
	EndGlobalSection
	GlobalSection(ProjectConfigurationPlatforms) = postSolution
		{8D61D902-DFE1-4831-818E-67FA3E745E88}.Debug|Any CPU.ActiveCfg = Debug|Any CPU
		{8D61D902-DFE1-4831-818E-67FA3E745E88}.Debug|Any CPU.Build.0 = Debug|Any CPU
		{8D61D902-DFE1-4831-818E-67FA3E745E88}.Release|Any CPU.ActiveCfg = Release|Any CPU
		{8D61D902-DFE1-4831-818E-67FA3E745E88}.Release|Any CPU.Build.0 = Release|Any CPU
		{B0F04671-0FA6-478E-AA2C-6B6068610033}.Debug|Any CPU.ActiveCfg = Debug|Any CPU
		{B0F04671-0FA6-478E-AA2C-6B6068610033}.Debug|Any CPU.Build.0 = Debug|Any CPU
		{B0F04671-0FA6-478E-AA2C-6B6068610033}.Release|Any CPU.ActiveCfg = Release|Any CPU
		{B0F04671-0FA6-478E-AA2C-6B6068610033}.Release|Any CPU.Build.0 = Release|Any CPU
		{826CAFF6-24CC-4DFA-AB51-C2D7C6769DAA}.Debug|Any CPU.ActiveCfg = Debug|Any CPU
		{826CAFF6-24CC-4DFA-AB51-C2D7C6769DAA}.Debug|Any CPU.Build.0 = Debug|Any CPU
		{826CAFF6-24CC-4DFA-AB51-C2D7C6769DAA}.Release|Any CPU.ActiveCfg = Release|Any CPU
		{826CAFF6-24CC-4DFA-AB51-C2D7C6769DAA}.Release|Any CPU.Build.0 = Release|Any CPU
	EndGlobalSection
	GlobalSection(SolutionProperties) = preSolution
		HideSolutionNode = FALSE
	EndGlobalSection
	GlobalSection(ExtensibilityGlobals) = postSolution
		SolutionGuid = {3EC95741-D7CB-4D2B-BC1F-89CB054BCC11}
	EndGlobalSection
EndGlobal
